
Microsoft Visual Studio Solution File, Format Version 12.00
# Visual Studio Version 16
VisualStudioVersion = 16.0.29709.97
MinimumVisualStudioVersion = 10.0.40219.1
Project("{FAE04EC0-301F-11D3-BF4B-00C04F79EFBC}") = "BotBits.Demo", "BotBits.Demo\BotBits.Demo.csproj", "{7F26DF80-5562-4201-B99F-9796B4FB2E49}"
EndProject
Project("{FAE04EC0-301F-11D3-BF4B-00C04F79EFBC}") = "BotBits", "BotBits\BotBits.csproj", "{3635DFA8-73F1-4A42-9286-985DBFABCBF3}"
EndProject
Project("{FAE04EC0-301F-11D3-BF4B-00C04F79EFBC}") = "BotBits.Tests", "BotBits.Tests\BotBits.Tests.csproj", "{062C42D9-5D25-43E9-A99F-E846EAC1F145}"
EndProject
Global
	GlobalSection(SolutionConfigurationPlatforms) = preSolution
		Debug|Any CPU = Debug|Any CPU
		Release|Any CPU = Release|Any CPU
	EndGlobalSection
	GlobalSection(ProjectConfigurationPlatforms) = postSolution
		{7F26DF80-5562-4201-B99F-9796B4FB2E49}.Debug|Any CPU.ActiveCfg = Debug|Any CPU
		{7F26DF80-5562-4201-B99F-9796B4FB2E49}.Debug|Any CPU.Build.0 = Debug|Any CPU
		{7F26DF80-5562-4201-B99F-9796B4FB2E49}.Release|Any CPU.ActiveCfg = Release|Any CPU
		{3635DFA8-73F1-4A42-9286-985DBFABCBF3}.Debug|Any CPU.ActiveCfg = Debug|Any CPU
		{3635DFA8-73F1-4A42-9286-985DBFABCBF3}.Debug|Any CPU.Build.0 = Debug|Any CPU
		{3635DFA8-73F1-4A42-9286-985DBFABCBF3}.Release|Any CPU.ActiveCfg = Release|Any CPU
		{3635DFA8-73F1-4A42-9286-985DBFABCBF3}.Release|Any CPU.Build.0 = Release|Any CPU
		{062C42D9-5D25-43E9-A99F-E846EAC1F145}.Debug|Any CPU.ActiveCfg = Debug|Any CPU
		{062C42D9-5D25-43E9-A99F-E846EAC1F145}.Debug|Any CPU.Build.0 = Debug|Any CPU
		{062C42D9-5D25-43E9-A99F-E846EAC1F145}.Release|Any CPU.ActiveCfg = Release|Any CPU
	EndGlobalSection
	GlobalSection(SolutionProperties) = preSolution
		HideSolutionNode = FALSE
	EndGlobalSection
	GlobalSection(ExtensibilityGlobals) = postSolution
		SolutionGuid = {EAF5B570-781D-4172-98CD-6C933A570FC3}
	EndGlobalSection
EndGlobal
